
Microsoft Visual Studio Solution File, Format Version 12.00
# Visual Studio 15
VisualStudioVersion = 15.0.26730.15
MinimumVisualStudioVersion = 10.0.40219.1
Project("{FAE04EC0-301F-11D3-BF4B-00C04F79EFBC}") = "Model", "IComponent\Model.csproj", "{129CE801-CA59-486B-98BE-2289C4A46F4A}"
EndProject
Project("{FAE04EC0-301F-11D3-BF4B-00C04F79EFBC}") = "View", "View\View.csproj", "{F8F148FF-F6BE-4582-9580-16B5D48E31B4}"
EndProject
Project("{FAE04EC0-301F-11D3-BF4B-00C04F79EFBC}") = "UnitTests", "UnitTests\UnitTests.csproj", "{B6D7A5CC-5541-4392-940B-1911689622DA}"
EndProject
Global
	GlobalSection(SolutionConfigurationPlatforms) = preSolution
		Debug|Any CPU = Debug|Any CPU
		Release|Any CPU = Release|Any CPU
	EndGlobalSection
	GlobalSection(ProjectConfigurationPlatforms) = postSolution
		{129CE801-CA59-486B-98BE-2289C4A46F4A}.Debug|Any CPU.ActiveCfg = Debug|Any CPU
		{129CE801-CA59-486B-98BE-2289C4A46F4A}.Debug|Any CPU.Build.0 = Debug|Any CPU
		{129CE801-CA59-486B-98BE-2289C4A46F4A}.Release|Any CPU.ActiveCfg = Release|Any CPU
		{129CE801-CA59-486B-98BE-2289C4A46F4A}.Release|Any CPU.Build.0 = Release|Any CPU
		{F8F148FF-F6BE-4582-9580-16B5D48E31B4}.Debug|Any CPU.ActiveCfg = Debug|Any CPU
		{F8F148FF-F6BE-4582-9580-16B5D48E31B4}.Debug|Any CPU.Build.0 = Debug|Any CPU
		{F8F148FF-F6BE-4582-9580-16B5D48E31B4}.Release|Any CPU.ActiveCfg = Release|Any CPU
		{F8F148FF-F6BE-4582-9580-16B5D48E31B4}.Release|Any CPU.Build.0 = Release|Any CPU
		{B6D7A5CC-5541-4392-940B-1911689622DA}.Debug|Any CPU.ActiveCfg = Debug|Any CPU
		{B6D7A5CC-5541-4392-940B-1911689622DA}.Debug|Any CPU.Build.0 = Debug|Any CPU
		{B6D7A5CC-5541-4392-940B-1911689622DA}.Release|Any CPU.ActiveCfg = Release|Any CPU
		{B6D7A5CC-5541-4392-940B-1911689622DA}.Release|Any CPU.Build.0 = Release|Any CPU
	EndGlobalSection
	GlobalSection(SolutionProperties) = preSolution
		HideSolutionNode = FALSE
	EndGlobalSection
	GlobalSection(ExtensibilityGlobals) = postSolution
		SolutionGuid = {8A814C5B-08CB-405F-BB5B-A65467E8A59E}
	EndGlobalSection
EndGlobal
